
Microsoft Visual Studio Solution File, Format Version 12.00
# Visual Studio Version 17
VisualStudioVersion = 17.4.33205.214
MinimumVisualStudioVersion = 10.0.40219.1
Project("{2150E333-8FDC-42A3-9474-1A3956D46DE8}") = "Data", "Data", "{13D0E3E3-402B-4B47-B2AE-2F649F2AC79E}"
EndProject
Project("{2150E333-8FDC-42A3-9474-1A3956D46DE8}") = "DataAccess", "DataAccess", "{DFF5A4BB-F70F-4464-AF97-657B719498AF}"
EndProject
Project("{2150E333-8FDC-42A3-9474-1A3956D46DE8}") = "UnitTest", "UnitTest", "{C75FCCCE-C742-4CB5-BD99-52E2D61BE2D8}"
EndProject
Project("{2150E333-8FDC-42A3-9474-1A3956D46DE8}") = "WebUI", "WebUI", "{4F827897-C2E5-48DE-852A-0364A7D9D7DB}"
EndProject
Project("{2150E333-8FDC-42A3-9474-1A3956D46DE8}") = "WebAPI", "WebAPI", "{7FF6A145-D17F-46F0-8983-86F699CD91FD}"
EndProject
Project("{9A19103F-16F7-4668-BE54-9A1E7A4F7556}") = "LibraryApp.Web", "LibraryApp.Web\LibraryApp.Web.csproj", "{93253CE9-BF0C-4DF3-B361-730BB8004CD5}"
EndProject
Project("{2150E333-8FDC-42A3-9474-1A3956D46DE8}") = "Common", "Common", "{D6B368A1-7782-4537-915D-C035B253E0A9}"
EndProject
Project("{9A19103F-16F7-4668-BE54-9A1E7A4F7556}") = "LibraryApp.Common", "LibraryApp.Common\LibraryApp.Common.csproj", "{1B381B11-FABF-4A01-9CB1-A4DCD6D6B3DC}"
EndProject
Project("{2150E333-8FDC-42A3-9474-1A3956D46DE8}") = "Infrastructure", "Infrastructure", "{EBC2D2D4-5354-4611-B87A-C50FEB18F8D1}"
EndProject
Project("{9A19103F-16F7-4668-BE54-9A1E7A4F7556}") = "LibraryApp.Entities", "LibraryApp.Infrastructure\LibraryApp.Entities.csproj", "{C6AFFFEF-8812-4C1A-8213-171B142C25BB}"
EndProject
Project("{9A19103F-16F7-4668-BE54-9A1E7A4F7556}") = "LibraryApp.ExceptionHandling", "LibraryApp.ExceptionHandling\LibraryApp.ExceptionHandling.csproj", "{564B1B25-C786-4467-826B-2557ACA8FD2D}"
EndProject
Project("{9A19103F-16F7-4668-BE54-9A1E7A4F7556}") = "LibraryApp.Logging", "LibraryApp.Logging\LibraryApp.Logging.csproj", "{A512169F-A462-4EB0-BA74-CDED8114C0EA}"
EndProject
Project("{9A19103F-16F7-4668-BE54-9A1E7A4F7556}") = "LibraryApp.WebToken", "LibraryApp.WebToken\LibraryApp.WebToken.csproj", "{CC0A76A1-9B5A-4780-8719-0FD73E4D59E3}"
EndProject
Project("{2150E333-8FDC-42A3-9474-1A3956D46DE8}") = "Plugin", "Plugin", "{BCC2292B-1336-4833-B693-7D39EBE8A89C}"
EndProject
Project("{2150E333-8FDC-42A3-9474-1A3956D46DE8}") = "Sms", "Sms", "{DB417C71-F2C6-41E2-9269-54DD0AD3DB3C}"
EndProject
Project("{2150E333-8FDC-42A3-9474-1A3956D46DE8}") = "Mail", "Mail", "{2146AF75-8F27-4EEF-B3F7-A52A32B9E084}"
EndProject
Project("{9A19103F-16F7-4668-BE54-9A1E7A4F7556}") = "LibraryApp.Auditing", "LibraryApp.Auiditing\LibraryApp.Auditing.csproj", "{3ABEFCB0-6D10-48EA-86DA-EE7F93DADC11}"
EndProject
Project("{9A19103F-16F7-4668-BE54-9A1E7A4F7556}") = "LibraryApp.Caching", "LibraryApp.Caching\LibraryApp.Caching.csproj", "{732884CA-0914-400D-9833-05F3F77ABC59}"
EndProject
Project("{9A19103F-16F7-4668-BE54-9A1E7A4F7556}") = "LibraryApp.Validation", "LibraryApp.Validation\LibraryApp.Validation.csproj", "{6724D437-07DA-4F34-B209-BD24889BC494}"
EndProject
Project("{9A19103F-16F7-4668-BE54-9A1E7A4F7556}") = "LibraryApp.Infrastructure", "Library.Infrastructure\LibraryApp.Infrastructure.csproj", "{870651EB-8C79-422C-AB1F-324B43DAB7D6}"
EndProject
Project("{2150E333-8FDC-42A3-9474-1A3956D46DE8}") = "Job", "Job", "{D870F792-EDF4-411A-B3A0-D29F4A5D0920}"
EndProject
Project("{2150E333-8FDC-42A3-9474-1A3956D46DE8}") = "Applications", "Applications", "{65758D59-DB64-4C8B-A34D-BCF5BD72483B}"
EndProject
Project("{2150E333-8FDC-42A3-9474-1A3956D46DE8}") = "Business", "Business", "{8A820F38-EDED-48DD-8C45-D4F6AAAE7EE9}"
EndProject
Project("{9A19103F-16F7-4668-BE54-9A1E7A4F7556}") = "LibraryApp.WebApi", "LibraryApp.WebApi\LibraryApp.WebApi.csproj", "{240FB83B-409E-4FD6-AE5C-8623C71F877D}"
EndProject
Project("{9A19103F-16F7-4668-BE54-9A1E7A4F7556}") = "LibraryApp.DataAccess", "LibraryApp.DataAccess\LibraryApp.DataAccess.csproj", "{4CB838E0-A20A-4AFB-BC77-CA60039948B9}"
EndProject
Project("{9A19103F-16F7-4668-BE54-9A1E7A4F7556}") = "LibraryApp.Data", "LibraryApp.Data\LibraryApp.Data.csproj", "{FFA580B3-F779-4793-BFC4-530699DC9D67}"
EndProject
Project("{9A19103F-16F7-4668-BE54-9A1E7A4F7556}") = "LibraryApp.Mapper", "LibraryApp.Mapper\LibraryApp.Mapper.csproj", "{C469000D-ABF6-4E4E-B8EC-17D7AF1DC572}"
EndProject
Project("{9A19103F-16F7-4668-BE54-9A1E7A4F7556}") = "LibraryApp.ActionFilter", "LibraryApp.ActionFilter\LibraryApp.ActionFilter.csproj", "{9D335EE1-A110-4541-BA01-7954CB805AB4}"
EndProject
Project("{9A19103F-16F7-4668-BE54-9A1E7A4F7556}") = "LibraryApp.Specification", "LibraryApp.Specification\LibraryApp.Specification.csproj", "{1FEB174D-AAB4-44CA-BB08-D669E009D15A}"
EndProject
Project("{9A19103F-16F7-4668-BE54-9A1E7A4F7556}") = "LibraryApp.Linq", "LibraryApp.Linq\LibraryApp.Linq.csproj", "{A0159C71-0BA4-4688-A019-AB587E71A2FB}"
EndProject
Project("{2150E333-8FDC-42A3-9474-1A3956D46DE8}") = "ServerApp", "ServerApp", "{ABE537C5-6BA5-4FD5-83F0-B60D1511C274}"
EndProject
Project("{2150E333-8FDC-42A3-9474-1A3956D46DE8}") = "ClientApp", "ClientApp", "{7699AF22-F86F-49A9-B527-75F3BDC0087B}"
EndProject
Global
	GlobalSection(SolutionConfigurationPlatforms) = preSolution
		Debug|Any CPU = Debug|Any CPU
		Release|Any CPU = Release|Any CPU
	EndGlobalSection
	GlobalSection(ProjectConfigurationPlatforms) = postSolution
		{93253CE9-BF0C-4DF3-B361-730BB8004CD5}.Debug|Any CPU.ActiveCfg = Debug|Any CPU
		{93253CE9-BF0C-4DF3-B361-730BB8004CD5}.Debug|Any CPU.Build.0 = Debug|Any CPU
		{93253CE9-BF0C-4DF3-B361-730BB8004CD5}.Release|Any CPU.ActiveCfg = Release|Any CPU
		{93253CE9-BF0C-4DF3-B361-730BB8004CD5}.Release|Any CPU.Build.0 = Release|Any CPU
		{1B381B11-FABF-4A01-9CB1-A4DCD6D6B3DC}.Debug|Any CPU.ActiveCfg = Debug|Any CPU
		{1B381B11-FABF-4A01-9CB1-A4DCD6D6B3DC}.Debug|Any CPU.Build.0 = Debug|Any CPU
		{1B381B11-FABF-4A01-9CB1-A4DCD6D6B3DC}.Release|Any CPU.ActiveCfg = Release|Any CPU
		{1B381B11-FABF-4A01-9CB1-A4DCD6D6B3DC}.Release|Any CPU.Build.0 = Release|Any CPU
		{C6AFFFEF-8812-4C1A-8213-171B142C25BB}.Debug|Any CPU.ActiveCfg = Debug|Any CPU
		{C6AFFFEF-8812-4C1A-8213-171B142C25BB}.Debug|Any CPU.Build.0 = Debug|Any CPU
		{C6AFFFEF-8812-4C1A-8213-171B142C25BB}.Release|Any CPU.ActiveCfg = Release|Any CPU
		{C6AFFFEF-8812-4C1A-8213-171B142C25BB}.Release|Any CPU.Build.0 = Release|Any CPU
		{564B1B25-C786-4467-826B-2557ACA8FD2D}.Debug|Any CPU.ActiveCfg = Debug|Any CPU
		{564B1B25-C786-4467-826B-2557ACA8FD2D}.Debug|Any CPU.Build.0 = Debug|Any CPU
		{564B1B25-C786-4467-826B-2557ACA8FD2D}.Release|Any CPU.ActiveCfg = Release|Any CPU
		{564B1B25-C786-4467-826B-2557ACA8FD2D}.Release|Any CPU.Build.0 = Release|Any CPU
		{A512169F-A462-4EB0-BA74-CDED8114C0EA}.Debug|Any CPU.ActiveCfg = Debug|Any CPU
		{A512169F-A462-4EB0-BA74-CDED8114C0EA}.Debug|Any CPU.Build.0 = Debug|Any CPU
		{A512169F-A462-4EB0-BA74-CDED8114C0EA}.Release|Any CPU.ActiveCfg = Release|Any CPU
		{A512169F-A462-4EB0-BA74-CDED8114C0EA}.Release|Any CPU.Build.0 = Release|Any CPU
		{CC0A76A1-9B5A-4780-8719-0FD73E4D59E3}.Debug|Any CPU.ActiveCfg = Debug|Any CPU
		{CC0A76A1-9B5A-4780-8719-0FD73E4D59E3}.Debug|Any CPU.Build.0 = Debug|Any CPU
		{CC0A76A1-9B5A-4780-8719-0FD73E4D59E3}.Release|Any CPU.ActiveCfg = Release|Any CPU
		{CC0A76A1-9B5A-4780-8719-0FD73E4D59E3}.Release|Any CPU.Build.0 = Release|Any CPU
		{3ABEFCB0-6D10-48EA-86DA-EE7F93DADC11}.Debug|Any CPU.ActiveCfg = Debug|Any CPU
		{3ABEFCB0-6D10-48EA-86DA-EE7F93DADC11}.Debug|Any CPU.Build.0 = Debug|Any CPU
		{3ABEFCB0-6D10-48EA-86DA-EE7F93DADC11}.Release|Any CPU.ActiveCfg = Release|Any CPU
		{3ABEFCB0-6D10-48EA-86DA-EE7F93DADC11}.Release|Any CPU.Build.0 = Release|Any CPU
		{732884CA-0914-400D-9833-05F3F77ABC59}.Debug|Any CPU.ActiveCfg = Debug|Any CPU
		{732884CA-0914-400D-9833-05F3F77ABC59}.Debug|Any CPU.Build.0 = Debug|Any CPU
		{732884CA-0914-400D-9833-05F3F77ABC59}.Release|Any CPU.ActiveCfg = Release|Any CPU
		{732884CA-0914-400D-9833-05F3F77ABC59}.Release|Any CPU.Build.0 = Release|Any CPU
		{6724D437-07DA-4F34-B209-BD24889BC494}.Debug|Any CPU.ActiveCfg = Debug|Any CPU
		{6724D437-07DA-4F34-B209-BD24889BC494}.Debug|Any CPU.Build.0 = Debug|Any CPU
		{6724D437-07DA-4F34-B209-BD24889BC494}.Release|Any CPU.ActiveCfg = Release|Any CPU
		{6724D437-07DA-4F34-B209-BD24889BC494}.Release|Any CPU.Build.0 = Release|Any CPU
		{870651EB-8C79-422C-AB1F-324B43DAB7D6}.Debug|Any CPU.ActiveCfg = Debug|Any CPU
		{870651EB-8C79-422C-AB1F-324B43DAB7D6}.Debug|Any CPU.Build.0 = Debug|Any CPU
		{870651EB-8C79-422C-AB1F-324B43DAB7D6}.Release|Any CPU.ActiveCfg = Release|Any CPU
		{870651EB-8C79-422C-AB1F-324B43DAB7D6}.Release|Any CPU.Build.0 = Release|Any CPU
		{240FB83B-409E-4FD6-AE5C-8623C71F877D}.Debug|Any CPU.ActiveCfg = Debug|Any CPU
		{240FB83B-409E-4FD6-AE5C-8623C71F877D}.Debug|Any CPU.Build.0 = Debug|Any CPU
		{240FB83B-409E-4FD6-AE5C-8623C71F877D}.Release|Any CPU.ActiveCfg = Release|Any CPU
		{240FB83B-409E-4FD6-AE5C-8623C71F877D}.Release|Any CPU.Build.0 = Release|Any CPU
		{4CB838E0-A20A-4AFB-BC77-CA60039948B9}.Debug|Any CPU.ActiveCfg = Debug|Any CPU
		{4CB838E0-A20A-4AFB-BC77-CA60039948B9}.Debug|Any CPU.Build.0 = Debug|Any CPU
		{4CB838E0-A20A-4AFB-BC77-CA60039948B9}.Release|Any CPU.ActiveCfg = Release|Any CPU
		{4CB838E0-A20A-4AFB-BC77-CA60039948B9}.Release|Any CPU.Build.0 = Release|Any CPU
		{FFA580B3-F779-4793-BFC4-530699DC9D67}.Debug|Any CPU.ActiveCfg = Debug|Any CPU
		{FFA580B3-F779-4793-BFC4-530699DC9D67}.Debug|Any CPU.Build.0 = Debug|Any CPU
		{FFA580B3-F779-4793-BFC4-530699DC9D67}.Release|Any CPU.ActiveCfg = Release|Any CPU
		{FFA580B3-F779-4793-BFC4-530699DC9D67}.Release|Any CPU.Build.0 = Release|Any CPU
		{C469000D-ABF6-4E4E-B8EC-17D7AF1DC572}.Debug|Any CPU.ActiveCfg = Debug|Any CPU
		{C469000D-ABF6-4E4E-B8EC-17D7AF1DC572}.Debug|Any CPU.Build.0 = Debug|Any CPU
		{C469000D-ABF6-4E4E-B8EC-17D7AF1DC572}.Release|Any CPU.ActiveCfg = Release|Any CPU
		{C469000D-ABF6-4E4E-B8EC-17D7AF1DC572}.Release|Any CPU.Build.0 = Release|Any CPU
		{9D335EE1-A110-4541-BA01-7954CB805AB4}.Debug|Any CPU.ActiveCfg = Debug|Any CPU
		{9D335EE1-A110-4541-BA01-7954CB805AB4}.Debug|Any CPU.Build.0 = Debug|Any CPU
		{9D335EE1-A110-4541-BA01-7954CB805AB4}.Release|Any CPU.ActiveCfg = Release|Any CPU
		{9D335EE1-A110-4541-BA01-7954CB805AB4}.Release|Any CPU.Build.0 = Release|Any CPU
		{1FEB174D-AAB4-44CA-BB08-D669E009D15A}.Debug|Any CPU.ActiveCfg = Debug|Any CPU
		{1FEB174D-AAB4-44CA-BB08-D669E009D15A}.Debug|Any CPU.Build.0 = Debug|Any CPU
		{1FEB174D-AAB4-44CA-BB08-D669E009D15A}.Release|Any CPU.ActiveCfg = Release|Any CPU
		{1FEB174D-AAB4-44CA-BB08-D669E009D15A}.Release|Any CPU.Build.0 = Release|Any CPU
		{A0159C71-0BA4-4688-A019-AB587E71A2FB}.Debug|Any CPU.ActiveCfg = Debug|Any CPU
		{A0159C71-0BA4-4688-A019-AB587E71A2FB}.Debug|Any CPU.Build.0 = Debug|Any CPU
		{A0159C71-0BA4-4688-A019-AB587E71A2FB}.Release|Any CPU.ActiveCfg = Release|Any CPU
		{A0159C71-0BA4-4688-A019-AB587E71A2FB}.Release|Any CPU.Build.0 = Release|Any CPU
	EndGlobalSection
	GlobalSection(SolutionProperties) = preSolution
		HideSolutionNode = FALSE
	EndGlobalSection
	GlobalSection(NestedProjects) = preSolution
		{13D0E3E3-402B-4B47-B2AE-2F649F2AC79E} = {ABE537C5-6BA5-4FD5-83F0-B60D1511C274}
		{DFF5A4BB-F70F-4464-AF97-657B719498AF} = {ABE537C5-6BA5-4FD5-83F0-B60D1511C274}
		{C75FCCCE-C742-4CB5-BD99-52E2D61BE2D8} = {ABE537C5-6BA5-4FD5-83F0-B60D1511C274}
		{7FF6A145-D17F-46F0-8983-86F699CD91FD} = {ABE537C5-6BA5-4FD5-83F0-B60D1511C274}
		{93253CE9-BF0C-4DF3-B361-730BB8004CD5} = {4F827897-C2E5-48DE-852A-0364A7D9D7DB}
		{D6B368A1-7782-4537-915D-C035B253E0A9} = {ABE537C5-6BA5-4FD5-83F0-B60D1511C274}
		{1B381B11-FABF-4A01-9CB1-A4DCD6D6B3DC} = {D6B368A1-7782-4537-915D-C035B253E0A9}
		{EBC2D2D4-5354-4611-B87A-C50FEB18F8D1} = {ABE537C5-6BA5-4FD5-83F0-B60D1511C274}
		{C6AFFFEF-8812-4C1A-8213-171B142C25BB} = {EBC2D2D4-5354-4611-B87A-C50FEB18F8D1}
		{564B1B25-C786-4467-826B-2557ACA8FD2D} = {EBC2D2D4-5354-4611-B87A-C50FEB18F8D1}
		{A512169F-A462-4EB0-BA74-CDED8114C0EA} = {EBC2D2D4-5354-4611-B87A-C50FEB18F8D1}
		{CC0A76A1-9B5A-4780-8719-0FD73E4D59E3} = {EBC2D2D4-5354-4611-B87A-C50FEB18F8D1}
		{BCC2292B-1336-4833-B693-7D39EBE8A89C} = {ABE537C5-6BA5-4FD5-83F0-B60D1511C274}
		{DB417C71-F2C6-41E2-9269-54DD0AD3DB3C} = {BCC2292B-1336-4833-B693-7D39EBE8A89C}
		{2146AF75-8F27-4EEF-B3F7-A52A32B9E084} = {BCC2292B-1336-4833-B693-7D39EBE8A89C}
		{3ABEFCB0-6D10-48EA-86DA-EE7F93DADC11} = {EBC2D2D4-5354-4611-B87A-C50FEB18F8D1}
		{732884CA-0914-400D-9833-05F3F77ABC59} = {EBC2D2D4-5354-4611-B87A-C50FEB18F8D1}
		{6724D437-07DA-4F34-B209-BD24889BC494} = {EBC2D2D4-5354-4611-B87A-C50FEB18F8D1}
		{870651EB-8C79-422C-AB1F-324B43DAB7D6} = {EBC2D2D4-5354-4611-B87A-C50FEB18F8D1}
		{D870F792-EDF4-411A-B3A0-D29F4A5D0920} = {ABE537C5-6BA5-4FD5-83F0-B60D1511C274}
		{65758D59-DB64-4C8B-A34D-BCF5BD72483B} = {D870F792-EDF4-411A-B3A0-D29F4A5D0920}
		{8A820F38-EDED-48DD-8C45-D4F6AAAE7EE9} = {D870F792-EDF4-411A-B3A0-D29F4A5D0920}
		{240FB83B-409E-4FD6-AE5C-8623C71F877D} = {7FF6A145-D17F-46F0-8983-86F699CD91FD}
		{4CB838E0-A20A-4AFB-BC77-CA60039948B9} = {DFF5A4BB-F70F-4464-AF97-657B719498AF}
		{FFA580B3-F779-4793-BFC4-530699DC9D67} = {13D0E3E3-402B-4B47-B2AE-2F649F2AC79E}
		{C469000D-ABF6-4E4E-B8EC-17D7AF1DC572} = {EBC2D2D4-5354-4611-B87A-C50FEB18F8D1}
		{9D335EE1-A110-4541-BA01-7954CB805AB4} = {EBC2D2D4-5354-4611-B87A-C50FEB18F8D1}
		{1FEB174D-AAB4-44CA-BB08-D669E009D15A} = {EBC2D2D4-5354-4611-B87A-C50FEB18F8D1}
		{A0159C71-0BA4-4688-A019-AB587E71A2FB} = {EBC2D2D4-5354-4611-B87A-C50FEB18F8D1}
	EndGlobalSection
	GlobalSection(ExtensibilityGlobals) = postSolution
		SolutionGuid = {107B9153-97C5-4343-BDF6-46D327AF02CE}
	EndGlobalSection
EndGlobal
